# generated by rye
# use `rye lock` or `rye sync` to update this lockfile
#
# last locked with the following flags:
#   pre: false
#   features: []
#   all-features: false
#   with-sources: false
#   generate-hashes: false
#   universal: false

-e file:.
annotated-types==0.7.0
    # via pydantic
dependency-injector==4.43.0
    # via circus
pillow==11.0.0
    # via circus
pydantic==2.9.2
    # via pydantic-settings
pydantic-core==2.23.4
    # via pydantic
pydantic-settings==2.6.1
    # via circus
python-dotenv==1.0.1
    # via pydantic-settings
six==1.16.0
    # via dependency-injector
typing-extensions==4.12.2
    # via pydantic
    # via pydantic-core
